
Microsoft Visual Studio Solution File, Format Version 12.00
# Visual Studio Version 17
VisualStudioVersion = 17.8.34511.84
MinimumVisualStudioVersion = 10.0.40219.1
Project("{FAE04EC0-301F-11D3-BF4B-00C04F79EFBC}") = "MP.HandsNotDrop", "MP.HandsNotDrop.csproj", "{47EDF9E5-2819-4D83-A6FC-3EB15B273971}"
EndProject
Global
	GlobalSection(SolutionConfigurationPlatforms) = preSolution
		Debug|Any CPU = Debug|Any CPU
		Release|Any CPU = Release|Any CPU
	EndGlobalSection
	GlobalSection(ProjectConfigurationPlatforms) = postSolution
		{47EDF9E5-2819-4D83-A6FC-3EB15B273971}.Debug|Any CPU.ActiveCfg = Debug|Any CPU
		{47EDF9E5-2819-4D83-A6FC-3EB15B273971}.Debug|Any CPU.Build.0 = Debug|Any CPU
		{47EDF9E5-2819-4D83-A6FC-3EB15B273971}.Release|Any CPU.ActiveCfg = Release|Any CPU
		{47EDF9E5-2819-4D83-A6FC-3EB15B273971}.Release|Any CPU.Build.0 = Release|Any CPU
	EndGlobalSection
	GlobalSection(SolutionProperties) = preSolution
		HideSolutionNode = FALSE
	EndGlobalSection
	GlobalSection(ExtensibilityGlobals) = postSolution
		SolutionGuid = {82C80EDB-9B43-4EDE-8B1D-CD682E34CD61}
	EndGlobalSection
EndGlobal
